
Microsoft Visual Studio Solution File, Format Version 12.00
# Visual Studio 15
VisualStudioVersion = 15.0.28307.271
MinimumVisualStudioVersion = 10.0.40219.1
Project("{FAE04EC0-301F-11D3-BF4B-00C04F79EFBC}") = "WinPE_Creation_Tool", "WinPE_Creation_Tool.csproj", "{903B52EE-44B6-456C-9625-5B416A9708E6}"
EndProject
Global
	GlobalSection(SolutionConfigurationPlatforms) = preSolution
		Debug|Any CPU = Debug|Any CPU
		Release|Any CPU = Release|Any CPU
	EndGlobalSection
	GlobalSection(ProjectConfigurationPlatforms) = postSolution
		{903B52EE-44B6-456C-9625-5B416A9708E6}.Debug|Any CPU.ActiveCfg = Debug|Any CPU
		{903B52EE-44B6-456C-9625-5B416A9708E6}.Debug|Any CPU.Build.0 = Debug|Any CPU
		{903B52EE-44B6-456C-9625-5B416A9708E6}.Release|Any CPU.ActiveCfg = Release|Any CPU
		{903B52EE-44B6-456C-9625-5B416A9708E6}.Release|Any CPU.Build.0 = Release|Any CPU
	EndGlobalSection
	GlobalSection(SolutionProperties) = preSolution
		HideSolutionNode = FALSE
	EndGlobalSection
	GlobalSection(ExtensibilityGlobals) = postSolution
		SolutionGuid = {4F878B7A-CF51-45E4-B661-329405829527}
	EndGlobalSection
EndGlobal
